uuid: ed341c02-57f2-47dd-a065-faac642be838
langcode: en
status: true
dependencies:
  config:
    - views.view.sector_resource
  module:
    - system
    - views
  theme:
    - sector
id: sector_views_block__sector_resource_resources_page_block
theme: sector
region: content
weight: 0
provider: null
plugin: 'views_block:sector_resource-resources_page_block'
settings:
  id: 'views_block:sector_resource-resources_page_block'
  label: ''
  label_display: '0'
  provider: views
  views_label: ''
  items_per_page: none
visibility:
  request_path:
    id: request_path
    negate: false
    pages: /node/16
